
Microsoft Visual Studio Solution File, Format Version 12.00
# Visual Studio 15
VisualStudioVersion = 15.0.27130.2027
MinimumVisualStudioVersion = 10.0.40219.1
Project("{FAE04EC0-301F-11D3-BF4B-00C04F79EFBC}") = "Said Shah CST272 HW4 Project 4", "Said Shah CST272 HW4 Project 4\Said Shah CST272 HW4 Project 4.csproj", "{99BF2894-C89C-4CBC-9E5E-0F6B1E4EC826}"
EndProject
Global
	GlobalSection(SolutionConfigurationPlatforms) = preSolution
		Debug|Any CPU = Debug|Any CPU
		Release|Any CPU = Release|Any CPU
	EndGlobalSection
	GlobalSection(ProjectConfigurationPlatforms) = postSolution
		{99BF2894-C89C-4CBC-9E5E-0F6B1E4EC826}.Debug|Any CPU.ActiveCfg = Debug|Any CPU
		{99BF2894-C89C-4CBC-9E5E-0F6B1E4EC826}.Debug|Any CPU.Build.0 = Debug|Any CPU
		{99BF2894-C89C-4CBC-9E5E-0F6B1E4EC826}.Release|Any CPU.ActiveCfg = Release|Any CPU
		{99BF2894-C89C-4CBC-9E5E-0F6B1E4EC826}.Release|Any CPU.Build.0 = Release|Any CPU
	EndGlobalSection
	GlobalSection(SolutionProperties) = preSolution
		HideSolutionNode = FALSE
	EndGlobalSection
	GlobalSection(ExtensibilityGlobals) = postSolution
		SolutionGuid = {09EBA60E-0C05-49D8-8150-22DD278C4D17}
	EndGlobalSection
EndGlobal
