
Microsoft Visual Studio Solution File, Format Version 12.00
# Visual Studio 15
VisualStudioVersion = 15.0.27130.2027
MinimumVisualStudioVersion = 10.0.40219.1
Project("{FAE04EC0-301F-11D3-BF4B-00C04F79EFBC}") = "Said Shah CST272 Homework 3", "Said Shah CST272 Homework 3\Said Shah CST272 Homework 3.csproj", "{74D053C0-6E53-4E38-A81F-C17CF957F3BF}"
EndProject
Global
	GlobalSection(SolutionConfigurationPlatforms) = preSolution
		Debug|Any CPU = Debug|Any CPU
		Release|Any CPU = Release|Any CPU
	EndGlobalSection
	GlobalSection(ProjectConfigurationPlatforms) = postSolution
		{74D053C0-6E53-4E38-A81F-C17CF957F3BF}.Debug|Any CPU.ActiveCfg = Debug|Any CPU
		{74D053C0-6E53-4E38-A81F-C17CF957F3BF}.Debug|Any CPU.Build.0 = Debug|Any CPU
		{74D053C0-6E53-4E38-A81F-C17CF957F3BF}.Release|Any CPU.ActiveCfg = Release|Any CPU
		{74D053C0-6E53-4E38-A81F-C17CF957F3BF}.Release|Any CPU.Build.0 = Release|Any CPU
	EndGlobalSection
	GlobalSection(SolutionProperties) = preSolution
		HideSolutionNode = FALSE
	EndGlobalSection
	GlobalSection(ExtensibilityGlobals) = postSolution
		SolutionGuid = {FA6CDA4B-DA96-446F-9B51-BF5EA841B9B4}
	EndGlobalSection
EndGlobal
